hash: 9b39bda4829afe210b5efc478a52bdd0ed0c8fe21dcb26127c63ef54c57a0b67
updated: 2017-10-24T15:21:24.249087465+02:00
imports:
- name: github.com/aws/aws-sdk-go
  version: 209e63d002840d9ed94159e6639216a53b7cc28b
  subpackages:
  - aws
  - aws/awserr
  - aws/awsutil
  - aws/client
  - aws/client/metadata
  - aws/corehandlers
  - aws/credentials
  - aws/credentials/ec2rolecreds
  - aws/credentials/endpointcreds
  - aws/credentials/stscreds
  - aws/defaults
  - aws/ec2metadata
  - aws/endpoints
  - aws/request
  - aws/session
  - aws/signer/v4
  - internal/shareddefaults
  - private/protocol
  - private/protocol/query
  - private/protocol/query/queryutil
  - private/protocol/rest
  - private/protocol/restxml
  - private/protocol/xml/xmlutil
  - service/s3
  - service/s3/s3iface
  - service/s3/s3manager
  - service/sts
- name: github.com/cenkalti/backoff
  version: 309aa717adbf351e92864cbedf9cca0b769a4b5a
- name: github.com/go-ini/ini
  version: c787282c39ac1fc618827141a1f762240def08a3
- name: github.com/jawher/mow.cli
  version: 89bd73e5017374498afb615659500c3559ff42b3
- name: github.com/jlaffaye/ftp
  version: 299b7ff5b6096588cceca2edc1fc9f557002fb85
- name: github.com/jmespath/go-jmespath
  version: bd40a432e4c76585ef6b72d3fd96fb9b6dc7b68d
- name: github.com/tj/go-dropbox
  version: 2de702dc3e925adbf993ddd2192cebd7a24ae1a1
- name: github.com/zorkian/go-datadog-api
  version: 6db99b254ab9c82020abcdc8f702f6075f438603
- name: golang.org/x/net
  version: 4b14673ba32bee7f5ac0f990a48f033919fd418b
  subpackages:
  - context
testImports: []
