hash: f19efb0b70e0d532fbab86f35acf17f7adce2efad1f14f003d64721f8413b534
updated: 2018-05-29T16:48:09.464304+02:00
imports:
- name: github.com/aws/aws-sdk-go
  version: 854f9d07a932452f1552955e127e50ba5ebb25cc
  subpackages:
  - aws
  - aws/awserr
  - aws/awsutil
  - aws/client
  - aws/client/metadata
  - aws/corehandlers
  - aws/credentials
  - aws/credentials/ec2rolecreds
  - aws/credentials/endpointcreds
  - aws/credentials/stscreds
  - aws/defaults
  - aws/ec2metadata
  - aws/endpoints
  - aws/request
  - aws/session
  - aws/signer/v4
  - internal/sdkio
  - internal/sdkrand
  - internal/shareddefaults
  - private/protocol
  - private/protocol/query
  - private/protocol/query/queryutil
  - private/protocol/rest
  - private/protocol/restxml
  - private/protocol/xml/xmlutil
  - service/s3
  - service/s3/s3iface
  - service/s3/s3manager
  - service/sts
- name: github.com/cenkalti/backoff
  version: 309aa717adbf351e92864cbedf9cca0b769a4b5a
- name: github.com/go-ini/ini
  version: c787282c39ac1fc618827141a1f762240def08a3
- name: github.com/jawher/mow.cli
  version: 2f22195f169da29d54624afd9eb83ada5c9e4ee9
  subpackages:
  - internal/container
  - internal/flow
  - internal/fsm
  - internal/lexer
  - internal/matcher
  - internal/parser
  - internal/values
- name: github.com/jlaffaye/ftp
  version: 299b7ff5b6096588cceca2edc1fc9f557002fb85
- name: github.com/jmespath/go-jmespath
  version: bd40a432e4c76585ef6b72d3fd96fb9b6dc7b68d
- name: github.com/tj/go-dropbox
  version: 2de702dc3e925adbf993ddd2192cebd7a24ae1a1
- name: github.com/zorkian/go-datadog-api
  version: d74ca17e47a9d3708e6203fd48d3f8cdad055e1c
- name: golang.org/x/net
  version: 4b14673ba32bee7f5ac0f990a48f033919fd418b
  subpackages:
  - context
testImports: []
